# THIS IS AN AUTOGENERATED FILE. DO NOT EDIT THIS FILE DIRECTLY.
# yarn lockfile v1


admin-check@^1.1.3:
  version "1.1.3"
  resolved "https://registry.yarnpkg.com/admin-check/-/admin-check-1.1.3.tgz#cb390e3c848a10d1eafcbdcdefd7bd06c11c4551"
  integrity sha512-VSttAbdkJ287KqH0MNU3CN3OpTQBruBXM4572w64c//yPtZCuV8WI5lSUmo7h6sbcnkkld3aY2q1vu9fkxC8kw==

ansi-regex@^2.0.0:
  version "2.1.1"
  resolved "https://registry.yarnpkg.com/ansi-regex/-/ansi-regex-2.1.1.tgz#c3b33ab5ee360d86e0e628f0468ae7ef27d654df"
  integrity sha1-w7M6te42DYbg5ijwRorn7yfWVN8=

code-point-at@^1.0.0:
  version "1.1.0"
  resolved "https://registry.yarnpkg.com/code-point-at/-/code-point-at-1.1.0.tgz#0d070b4d043a5bea33a2f1a40e2edb3d9a4ccf77"
  integrity sha1-DQcLTQQ6W+ozovGkDi7bPZpMz3c=

image-size@^1.0.0:
  version "1.0.0"
  resolved "https://registry.yarnpkg.com/image-size/-/image-size-1.0.0.tgz#58b31fe4743b1cec0a0ac26f5c914d3c5b2f0750"
  integrity sha512-JLJ6OwBfO1KcA+TvJT+v8gbE6iWbj24LyDNFgFEN0lzegn6cC6a/p3NIDaepMsJjQjlUWqIC7wJv8lBFxPNjcw==
  dependencies:
    queue "6.0.2"

images@^3.2.3:
  version "3.2.3"
  resolved "https://registry.yarnpkg.com/images/-/images-3.2.3.tgz#8e86421df163d9b3a60ee4d1dc7cd8205f2d2bd7"
  integrity sha512-Ga7WPuo1krAdgE+pH641Q2NeAetJsNoU4wjC9DKGpSptWJ/Ljle6m2oA0XdO2c5ujy1Ups8UoH28ejR74m/vqQ==

inherits@~2.0.3:
  version "2.0.4"
  resolved "https://registry.yarnpkg.com/inherits/-/inherits-2.0.4.tgz#0fa2c64f932917c3433a0ded55363aae37416b7c"
  integrity sha512-k/vGaX4/Yla3WzyMCvTQOXYeIHvqOKtnqBduzTHpzpQZzAskKMhZ2K+EnBiSM9zGSoIFeMpXKxa4dYeZIQqewQ==

is-fullwidth-code-point@^1.0.0:
  version "1.0.0"
  resolved "https://registry.yarnpkg.com/is-fullwidth-code-point/-/is-fullwidth-code-point-1.0.0.tgz#ef9e31386f031a7f0d643af82fde50c457ef00cb"
  integrity sha1-754xOG8DGn8NZDr4L95QxFfvAMs=
  dependencies:
    number-is-nan "^1.0.0"

minimist@^1.2.5:
  version "1.2.5"
  resolved "https://registry.yarnpkg.com/minimist/-/minimist-1.2.5.tgz#67d66014b66a6a8aaa0c083c5fd58df4e4e97602"
  integrity sha512-FM9nNUYrRBAELZQT3xeZQ7fmMOBg6nWNmJKTcgsJeaLstP/UODVpGsr5OhXhhXg6f+qtJ8uiZ+PUxkDWcgIXLw==

number-is-nan@^1.0.0:
  version "1.0.1"
  resolved "https://registry.yarnpkg.com/number-is-nan/-/number-is-nan-1.0.1.tgz#097b602b53422a522c1afb8790318336941a011d"
  integrity sha1-CXtgK1NCKlIsGvuHkDGDNpQaAR0=

press-any-key@^0.1.1:
  version "0.1.1"
  resolved "https://registry.yarnpkg.com/press-any-key/-/press-any-key-0.1.1.tgz#97cf184ae84f25858fe3d83ab824e9d1dce2cde8"
  integrity sha512-TR722R9UpZjvOtyVcmS7hx2/1KzKIyeizIqHJ7sRcfXvCDzeSknS3UNLhmQMN7075Jd9gGUBdq98sHw2eqb86Q==
  dependencies:
    single-line-log "^1.1.2"

queue@6.0.2:
  version "6.0.2"
  resolved "https://registry.yarnpkg.com/queue/-/queue-6.0.2.tgz#b91525283e2315c7553d2efa18d83e76432fed65"
  integrity sha512-iHZWu+q3IdFZFX36ro/lKBkSvfkztY5Y7HMiPlOUjhupPcG2JMfst2KKEpu5XndviX/3UhFbRngUPNKtgvtZiA==
  dependencies:
    inherits "~2.0.3"

single-line-log@^1.1.2:
  version "1.1.2"
  resolved "https://registry.yarnpkg.com/single-line-log/-/single-line-log-1.1.2.tgz#c2f83f273a3e1a16edb0995661da0ed5ef033364"
  integrity sha1-wvg/Jzo+GhbtsJlWYdoO1e8DM2Q=
  dependencies:
    string-width "^1.0.1"

string-width@^1.0.1:
  version "1.0.2"
  resolved "https://registry.yarnpkg.com/string-width/-/string-width-1.0.2.tgz#118bdf5b8cdc51a2a7e70d211e07e2b0b9b107d3"
  integrity sha1-EYvfW4zcUaKn5w0hHgfisLmxB9M=
  dependencies:
    code-point-at "^1.0.0"
    is-fullwidth-code-point "^1.0.0"
    strip-ansi "^3.0.0"

strip-ansi@^3.0.0:
  version "3.0.1"
  resolved "https://registry.yarnpkg.com/strip-ansi/-/strip-ansi-3.0.1.tgz#6a385fb8853d952d5ff05d0e8aaf94278dc63dcf"
  integrity sha1-ajhfuIU9lS1f8F0Oiq+UJ43GPc8=
  dependencies:
    ansi-regex "^2.0.0"
